
Microsoft Visual Studio Solution File, Format Version 12.00
# Visual Studio Version 17
VisualStudioVersion = 17.3.32929.385
MinimumVisualStudioVersion = 10.0.40219.1
Project("{FAE04EC0-301F-11D3-BF4B-00C04F79EFBC}") = "ArithmeticCoreLib", "ArithmeticCoreLib.csproj", "{DAD32D2A-A283-460D-BC70-7A6536A9D898}"
EndProject
Global
	GlobalSection(SolutionConfigurationPlatforms) = preSolution
		Debug|Any CPU = Debug|Any CPU
		Release|Any CPU = Release|Any CPU
	EndGlobalSection
	GlobalSection(ProjectConfigurationPlatforms) = postSolution
		{DAD32D2A-A283-460D-BC70-7A6536A9D898}.Debug|Any CPU.ActiveCfg = Debug|Any CPU
		{DAD32D2A-A283-460D-BC70-7A6536A9D898}.Debug|Any CPU.Build.0 = Debug|Any CPU
		{DAD32D2A-A283-460D-BC70-7A6536A9D898}.Release|Any CPU.ActiveCfg = Release|Any CPU
		{DAD32D2A-A283-460D-BC70-7A6536A9D898}.Release|Any CPU.Build.0 = Release|Any CPU
	EndGlobalSection
	GlobalSection(SolutionProperties) = preSolution
		HideSolutionNode = FALSE
	EndGlobalSection
	GlobalSection(ExtensibilityGlobals) = postSolution
		SolutionGuid = {76C69038-6432-4EAF-80B9-F55C664A72AE}
	EndGlobalSection
EndGlobal
