
Microsoft Visual Studio Solution File, Format Version 12.00
# Visual Studio Version 17
VisualStudioVersion = 17.3.32929.385
MinimumVisualStudioVersion = 10.0.40219.1
Project("{FAE04EC0-301F-11D3-BF4B-00C04F79EFBC}") = "Assign1", "Assign1\Assign1.csproj", "{80022DFE-2D41-4F3C-87AB-553D4C2751EB}"
EndProject
Global
	GlobalSection(SolutionConfigurationPlatforms) = preSolution
		Debug|Any CPU = Debug|Any CPU
		Release|Any CPU = Release|Any CPU
	EndGlobalSection
	GlobalSection(ProjectConfigurationPlatforms) = postSolution
		{80022DFE-2D41-4F3C-87AB-553D4C2751EB}.Debug|Any CPU.ActiveCfg = Debug|Any CPU
		{80022DFE-2D41-4F3C-87AB-553D4C2751EB}.Debug|Any CPU.Build.0 = Debug|Any CPU
		{80022DFE-2D41-4F3C-87AB-553D4C2751EB}.Release|Any CPU.ActiveCfg = Release|Any CPU
		{80022DFE-2D41-4F3C-87AB-553D4C2751EB}.Release|Any CPU.Build.0 = Release|Any CPU
	EndGlobalSection
	GlobalSection(SolutionProperties) = preSolution
		HideSolutionNode = FALSE
	EndGlobalSection
	GlobalSection(ExtensibilityGlobals) = postSolution
		SolutionGuid = {63A0A0F9-A5EE-4C97-AAFF-6690C8D619C3}
	EndGlobalSection
EndGlobal
