
Microsoft Visual Studio Solution File, Format Version 12.00
# Visual Studio Version 17
VisualStudioVersion = 17.3.32929.385
MinimumVisualStudioVersion = 10.0.40219.1
Project("{FAE04EC0-301F-11D3-BF4B-00C04F79EFBC}") = "Assign1Que4", "Assign1Que4.csproj", "{817644F8-38D6-4461-91F1-9B85A1F85128}"
EndProject
Global
	GlobalSection(SolutionConfigurationPlatforms) = preSolution
		Debug|Any CPU = Debug|Any CPU
		Release|Any CPU = Release|Any CPU
	EndGlobalSection
	GlobalSection(ProjectConfigurationPlatforms) = postSolution
		{817644F8-38D6-4461-91F1-9B85A1F85128}.Debug|Any CPU.ActiveCfg = Debug|Any CPU
		{817644F8-38D6-4461-91F1-9B85A1F85128}.Debug|Any CPU.Build.0 = Debug|Any CPU
		{817644F8-38D6-4461-91F1-9B85A1F85128}.Release|Any CPU.ActiveCfg = Release|Any CPU
		{817644F8-38D6-4461-91F1-9B85A1F85128}.Release|Any CPU.Build.0 = Release|Any CPU
	EndGlobalSection
	GlobalSection(SolutionProperties) = preSolution
		HideSolutionNode = FALSE
	EndGlobalSection
	GlobalSection(ExtensibilityGlobals) = postSolution
		SolutionGuid = {449F7D7B-9823-4E7F-93F3-ACAB25A14C35}
	EndGlobalSection
EndGlobal
